
Microsoft Visual Studio Solution File, Format Version 12.00
# Visual Studio 14
VisualStudioVersion = 14.0.24720.0
MinimumVisualStudioVersion = 10.0.40219.1
Project("{FAE04EC0-301F-11D3-BF4B-00C04F79EFBC}") = "WCF_Labb2ConsoleClient", "WCF_Labb2ConsoleClient\WCF_Labb2ConsoleClient.csproj", "{5C25C63D-32CD-4659-84C9-F6276AF82130}"
EndProject
Project("{FAE04EC0-301F-11D3-BF4B-00C04F79EFBC}") = "WCF_Labb2WebClient", "WCF_Labb2WebClient\WCF_Labb2WebClient.csproj", "{FC8A5230-F10F-4FBA-9104-702F1DFC6866}"
EndProject
Project("{FAE04EC0-301F-11D3-BF4B-00C04F79EFBC}") = "WCF_Labb2ConsoleClientDay", "WCF_Labb2ConsoleClientDay\WCF_Labb2ConsoleClientDay.csproj", "{2259AC3D-A7D5-4E1E-8358-E0F991B00535}"
EndProject
Project("{FAE04EC0-301F-11D3-BF4B-00C04F79EFBC}") = "WSF_Labb2WebClientDay", "WSF_Labb2WebClientDay\WSF_Labb2WebClientDay.csproj", "{4B3AB8BA-0E32-41DF-A702-6F7D057AD561}"
EndProject
Project("{FAE04EC0-301F-11D3-BF4B-00C04F79EFBC}") = "WCF_Labb2ConsoleClient1000", "WCF_Labb2ConsoleClient1000\WCF_Labb2ConsoleClient1000.csproj", "{A247D34A-1813-4BE0-95E1-A0A11737B322}"
EndProject
Project("{FAE04EC0-301F-11D3-BF4B-00C04F79EFBC}") = "WCL_Labb2WebClient1000", "WCL_Labb2WebClient1000\WCL_Labb2WebClient1000.csproj", "{939BE131-5436-422A-AC83-8CE75C7081FF}"
EndProject
Project("{FAE04EC0-301F-11D3-BF4B-00C04F79EFBC}") = "WCF_Labb2ConsoleClientHobby", "WCF_Labb2ConsoleClientHobby\WCF_Labb2ConsoleClientHobby.csproj", "{06B9E54E-5198-4800-ACE6-5718AAD22CF7}"
EndProject
Project("{FAE04EC0-301F-11D3-BF4B-00C04F79EFBC}") = "WCF_Labb2WebClientHobby", "WCF_Labb2WebClientHobby\WCF_Labb2WebClientHobby.csproj", "{0F43EC25-E7DD-495E-BB4C-F0622658610E}"
EndProject
Global
	GlobalSection(SolutionConfigurationPlatforms) = preSolution
		Debug|Any CPU = Debug|Any CPU
		Release|Any CPU = Release|Any CPU
	EndGlobalSection
	GlobalSection(ProjectConfigurationPlatforms) = postSolution
		{5C25C63D-32CD-4659-84C9-F6276AF82130}.Debug|Any CPU.ActiveCfg = Debug|Any CPU
		{5C25C63D-32CD-4659-84C9-F6276AF82130}.Debug|Any CPU.Build.0 = Debug|Any CPU
		{5C25C63D-32CD-4659-84C9-F6276AF82130}.Release|Any CPU.ActiveCfg = Release|Any CPU
		{5C25C63D-32CD-4659-84C9-F6276AF82130}.Release|Any CPU.Build.0 = Release|Any CPU
		{FC8A5230-F10F-4FBA-9104-702F1DFC6866}.Debug|Any CPU.ActiveCfg = Debug|Any CPU
		{FC8A5230-F10F-4FBA-9104-702F1DFC6866}.Debug|Any CPU.Build.0 = Debug|Any CPU
		{FC8A5230-F10F-4FBA-9104-702F1DFC6866}.Release|Any CPU.ActiveCfg = Release|Any CPU
		{FC8A5230-F10F-4FBA-9104-702F1DFC6866}.Release|Any CPU.Build.0 = Release|Any CPU
		{2259AC3D-A7D5-4E1E-8358-E0F991B00535}.Debug|Any CPU.ActiveCfg = Debug|Any CPU
		{2259AC3D-A7D5-4E1E-8358-E0F991B00535}.Debug|Any CPU.Build.0 = Debug|Any CPU
		{2259AC3D-A7D5-4E1E-8358-E0F991B00535}.Release|Any CPU.ActiveCfg = Release|Any CPU
		{2259AC3D-A7D5-4E1E-8358-E0F991B00535}.Release|Any CPU.Build.0 = Release|Any CPU
		{4B3AB8BA-0E32-41DF-A702-6F7D057AD561}.Debug|Any CPU.ActiveCfg = Debug|Any CPU
		{4B3AB8BA-0E32-41DF-A702-6F7D057AD561}.Debug|Any CPU.Build.0 = Debug|Any CPU
		{4B3AB8BA-0E32-41DF-A702-6F7D057AD561}.Release|Any CPU.ActiveCfg = Release|Any CPU
		{4B3AB8BA-0E32-41DF-A702-6F7D057AD561}.Release|Any CPU.Build.0 = Release|Any CPU
		{A247D34A-1813-4BE0-95E1-A0A11737B322}.Debug|Any CPU.ActiveCfg = Debug|Any CPU
		{A247D34A-1813-4BE0-95E1-A0A11737B322}.Debug|Any CPU.Build.0 = Debug|Any CPU
		{A247D34A-1813-4BE0-95E1-A0A11737B322}.Release|Any CPU.ActiveCfg = Release|Any CPU
		{A247D34A-1813-4BE0-95E1-A0A11737B322}.Release|Any CPU.Build.0 = Release|Any CPU
		{939BE131-5436-422A-AC83-8CE75C7081FF}.Debug|Any CPU.ActiveCfg = Debug|Any CPU
		{939BE131-5436-422A-AC83-8CE75C7081FF}.Debug|Any CPU.Build.0 = Debug|Any CPU
		{939BE131-5436-422A-AC83-8CE75C7081FF}.Release|Any CPU.ActiveCfg = Release|Any CPU
		{939BE131-5436-422A-AC83-8CE75C7081FF}.Release|Any CPU.Build.0 = Release|Any CPU
		{06B9E54E-5198-4800-ACE6-5718AAD22CF7}.Debug|Any CPU.ActiveCfg = Debug|Any CPU
		{06B9E54E-5198-4800-ACE6-5718AAD22CF7}.Debug|Any CPU.Build.0 = Debug|Any CPU
		{06B9E54E-5198-4800-ACE6-5718AAD22CF7}.Release|Any CPU.ActiveCfg = Release|Any CPU
		{06B9E54E-5198-4800-ACE6-5718AAD22CF7}.Release|Any CPU.Build.0 = Release|Any CPU
		{0F43EC25-E7DD-495E-BB4C-F0622658610E}.Debug|Any CPU.ActiveCfg = Debug|Any CPU
		{0F43EC25-E7DD-495E-BB4C-F0622658610E}.Debug|Any CPU.Build.0 = Debug|Any CPU
		{0F43EC25-E7DD-495E-BB4C-F0622658610E}.Release|Any CPU.ActiveCfg = Release|Any CPU
		{0F43EC25-E7DD-495E-BB4C-F0622658610E}.Release|Any CPU.Build.0 = Release|Any CPU
	EndGlobalSection
	GlobalSection(SolutionProperties) = preSolution
		HideSolutionNode = FALSE
	EndGlobalSection
EndGlobal
